
Microsoft Visual Studio Solution File, Format Version 12.00
# Visual Studio Version 17
VisualStudioVersion = 17.14.36518.9
MinimumVisualStudioVersion = 10.0.40219.1
Project("{FAE04EC0-301F-11D3-BF4B-00C04F79EFBC}") = "01-Intro", "01-Intro\01-Intro.csproj", "{8C285B7C-6839-40C4-AA0B-1BE04222E46F}"
EndProject
Project("{FAE04EC0-301F-11D3-BF4B-00C04F79EFBC}") = "02-TypeCasting", "02-TypeCasting\02-TypeCasting.csproj", "{42B01F73-5519-4D0A-AA05-EC98FC46B9A3}"
EndProject
Project("{FAE04EC0-301F-11D3-BF4B-00C04F79EFBC}") = "03-Operator", "03-Operator\03-Operator.csproj", "{78CDCA65-14BD-406D-9205-B2526397C742}"
EndProject
Project("{FAE04EC0-301F-11D3-BF4B-00C04F79EFBC}") = "04-Decision", "04-Decision\04-Decision.csproj", "{7DD68606-451B-4AD1-9275-C6D97907E09A}"
EndProject
Project("{FAE04EC0-301F-11D3-BF4B-00C04F79EFBC}") = "05-Loop", "05-Loop\05-Loop.csproj", "{5CF808CB-F305-408B-8315-F9B90BCA139C}"
EndProject
Project("{FAE04EC0-301F-11D3-BF4B-00C04F79EFBC}") = "06-Error", "06-Error\06-Error.csproj", "{1DE3F1C9-E396-424E-B0CA-68FFEA450342}"
EndProject
Project("{FAE04EC0-301F-11D3-BF4B-00C04F79EFBC}") = "07-Array", "07-Array\07-Array.csproj", "{49DFF825-EBF9-4DE1-A135-C18258B3ABFB}"
EndProject
Project("{FAE04EC0-301F-11D3-BF4B-00C04F79EFBC}") = "08-List", "08-List\08-List.csproj", "{4575165B-2FA7-4736-BAB8-E306788750AF}"
EndProject
Project("{FAE04EC0-301F-11D3-BF4B-00C04F79EFBC}") = "09-ArrayList", "09-ArrayList\09-ArrayList.csproj", "{F67D36D6-4AC6-4A8E-8D73-AED6C53DDD58}"
EndProject
Project("{FAE04EC0-301F-11D3-BF4B-00C04F79EFBC}") = "10-Dictionary", "10-Dictionary\10-Dictionary.csproj", "{20748D38-7829-4668-ACAA-3D95467D4BA3}"
EndProject
Project("{FAE04EC0-301F-11D3-BF4B-00C04F79EFBC}") = "11-Queue", "11-Queue\11-Queue.csproj", "{7BFDEC00-CF77-4152-A12E-29021968F36A}"
EndProject
Project("{FAE04EC0-301F-11D3-BF4B-00C04F79EFBC}") = "12-Stack", "12-Stack\12-Stack.csproj", "{6AC774D1-5921-4460-9768-832A244B69B4}"
EndProject
Project("{FAE04EC0-301F-11D3-BF4B-00C04F79EFBC}") = "13-SortedList", "13-SortedList\13-SortedList.csproj", "{6E21A0C9-B20A-4B5B-AB7A-81885FABE400}"
EndProject
Project("{FAE04EC0-301F-11D3-BF4B-00C04F79EFBC}") = "14-HashSet", "14-HashSet\14-HashSet.csproj", "{E77523EA-C860-41BA-B1FF-8186BCD36C53}"
EndProject
Project("{FAE04EC0-301F-11D3-BF4B-00C04F79EFBC}") = "15-Metot", "15-Metot\15-Metot.csproj", "{ADA7F6CC-6362-4FB7-A696-186A6A6D4F15}"
EndProject
Project("{FAE04EC0-301F-11D3-BF4B-00C04F79EFBC}") = "16-Class", "16-Class\16-Class.csproj", "{1922B805-08DB-4B08-A377-5742697F3EFA}"
EndProject
Project("{FAE04EC0-301F-11D3-BF4B-00C04F79EFBC}") = "17-Class-Lab", "17-Class-Lab\17-Class-Lab.csproj", "{0D9ECC1C-72AC-4E0E-992C-FD0C7941FF95}"
EndProject
Project("{FAE04EC0-301F-11D3-BF4B-00C04F79EFBC}") = "18-Static", "18-Static\18-Static.csproj", "{E3F9691A-BBCC-4D5B-90A2-D82BD8E92BA7}"
EndProject
Project("{FAE04EC0-301F-11D3-BF4B-00C04F79EFBC}") = "19-Extension", "19-Extension\19-Extension.csproj", "{E0EF2883-C769-4EBA-9126-EF0B040F382E}"
EndProject
Project("{FAE04EC0-301F-11D3-BF4B-00C04F79EFBC}") = "20-PartialClass", "20-PartialClass\20-PartialClass.csproj", "{AA618F2D-0806-42A6-8A1B-8667F6B049A8}"
EndProject
Project("{FAE04EC0-301F-11D3-BF4B-00C04F79EFBC}") = "21-Struct", "21-Struct\21-Struct.csproj", "{C25ED1AA-C535-4DDC-84FE-EDC4D2F3AC87}"
EndProject
Project("{FAE04EC0-301F-11D3-BF4B-00C04F79EFBC}") = "22-Enum", "22-Enum\22-Enum.csproj", "{A35EDF6E-990C-4DA9-A680-1F4AB5CD8C37}"
EndProject
Project("{FAE04EC0-301F-11D3-BF4B-00C04F79EFBC}") = "23-Inheritance", "23-Inheritance\23-Inheritance.csproj", "{34689EFE-CD38-43F8-9193-AA24A9E8309F}"
EndProject
Project("{FAE04EC0-301F-11D3-BF4B-00C04F79EFBC}") = "24-Inheritance-2", "24-Inheritance-2\24-Inheritance-2.csproj", "{A69637C5-DCC4-4E3D-B8EA-DB33ABD56858}"
EndProject
Project("{FAE04EC0-301F-11D3-BF4B-00C04F79EFBC}") = "25-Inheritance-Lab", "25-Inheritance-Lab\25-Inheritance-Lab.csproj", "{7AFD42E3-09EA-49A4-BCB4-7C16E39C78C0}"
EndProject
Project("{FAE04EC0-301F-11D3-BF4B-00C04F79EFBC}") = "26-Abstract", "26-Abstract\26-Abstract.csproj", "{021FC6B3-4142-426A-8640-AEDB0242A62B}"
EndProject
Project("{FAE04EC0-301F-11D3-BF4B-00C04F79EFBC}") = "27-Abstract-Lab", "27-Abstract-Lab\27-Abstract-Lab.csproj", "{82653E3E-2E9A-4B32-AF74-FA0BB8C5E117}"
EndProject
Project("{FAE04EC0-301F-11D3-BF4B-00C04F79EFBC}") = "28-Interface", "28-Interface\28-Interface.csproj", "{0B7D2D3B-B27F-43B0-A9CE-01E381C272CF}"
EndProject
Project("{FAE04EC0-301F-11D3-BF4B-00C04F79EFBC}") = "29-Interface-Lab", "29-Interface-Lab\29-Interface-Lab.csproj", "{EA6B20A6-438E-4509-B9FD-A27F34074139}"
EndProject
Project("{FAE04EC0-301F-11D3-BF4B-00C04F79EFBC}") = "30-BuiltInInterface", "30-BuiltInInterface\30-BuiltInInterface.csproj", "{98A6EBAD-5626-487F-AEC1-3737B33722AA}"
EndProject
Project("{FAE04EC0-301F-11D3-BF4B-00C04F79EFBC}") = "31-Generic", "31-Generic\31-Generic.csproj", "{5B581E62-A629-428E-BD12-7DF274EB0A32}"
EndProject
Global
	GlobalSection(SolutionConfigurationPlatforms) = preSolution
		Debug|Any CPU = Debug|Any CPU
		Release|Any CPU = Release|Any CPU
	EndGlobalSection
	GlobalSection(ProjectConfigurationPlatforms) = postSolution
		{8C285B7C-6839-40C4-AA0B-1BE04222E46F}.Debug|Any CPU.ActiveCfg = Debug|Any CPU
		{8C285B7C-6839-40C4-AA0B-1BE04222E46F}.Debug|Any CPU.Build.0 = Debug|Any CPU
		{8C285B7C-6839-40C4-AA0B-1BE04222E46F}.Release|Any CPU.ActiveCfg = Release|Any CPU
		{8C285B7C-6839-40C4-AA0B-1BE04222E46F}.Release|Any CPU.Build.0 = Release|Any CPU
		{42B01F73-5519-4D0A-AA05-EC98FC46B9A3}.Debug|Any CPU.ActiveCfg = Debug|Any CPU
		{42B01F73-5519-4D0A-AA05-EC98FC46B9A3}.Debug|Any CPU.Build.0 = Debug|Any CPU
		{42B01F73-5519-4D0A-AA05-EC98FC46B9A3}.Release|Any CPU.ActiveCfg = Release|Any CPU
		{42B01F73-5519-4D0A-AA05-EC98FC46B9A3}.Release|Any CPU.Build.0 = Release|Any CPU
		{78CDCA65-14BD-406D-9205-B2526397C742}.Debug|Any CPU.ActiveCfg = Debug|Any CPU
		{78CDCA65-14BD-406D-9205-B2526397C742}.Debug|Any CPU.Build.0 = Debug|Any CPU
		{78CDCA65-14BD-406D-9205-B2526397C742}.Release|Any CPU.ActiveCfg = Release|Any CPU
		{78CDCA65-14BD-406D-9205-B2526397C742}.Release|Any CPU.Build.0 = Release|Any CPU
		{7DD68606-451B-4AD1-9275-C6D97907E09A}.Debug|Any CPU.ActiveCfg = Debug|Any CPU
		{7DD68606-451B-4AD1-9275-C6D97907E09A}.Debug|Any CPU.Build.0 = Debug|Any CPU
		{7DD68606-451B-4AD1-9275-C6D97907E09A}.Release|Any CPU.ActiveCfg = Release|Any CPU
		{7DD68606-451B-4AD1-9275-C6D97907E09A}.Release|Any CPU.Build.0 = Release|Any CPU
		{5CF808CB-F305-408B-8315-F9B90BCA139C}.Debug|Any CPU.ActiveCfg = Debug|Any CPU
		{5CF808CB-F305-408B-8315-F9B90BCA139C}.Debug|Any CPU.Build.0 = Debug|Any CPU
		{5CF808CB-F305-408B-8315-F9B90BCA139C}.Release|Any CPU.ActiveCfg = Release|Any CPU
		{5CF808CB-F305-408B-8315-F9B90BCA139C}.Release|Any CPU.Build.0 = Release|Any CPU
		{1DE3F1C9-E396-424E-B0CA-68FFEA450342}.Debug|Any CPU.ActiveCfg = Debug|Any CPU
		{1DE3F1C9-E396-424E-B0CA-68FFEA450342}.Debug|Any CPU.Build.0 = Debug|Any CPU
		{1DE3F1C9-E396-424E-B0CA-68FFEA450342}.Release|Any CPU.ActiveCfg = Release|Any CPU
		{1DE3F1C9-E396-424E-B0CA-68FFEA450342}.Release|Any CPU.Build.0 = Release|Any CPU
		{49DFF825-EBF9-4DE1-A135-C18258B3ABFB}.Debug|Any CPU.ActiveCfg = Debug|Any CPU
		{49DFF825-EBF9-4DE1-A135-C18258B3ABFB}.Debug|Any CPU.Build.0 = Debug|Any CPU
		{49DFF825-EBF9-4DE1-A135-C18258B3ABFB}.Release|Any CPU.ActiveCfg = Release|Any CPU
		{49DFF825-EBF9-4DE1-A135-C18258B3ABFB}.Release|Any CPU.Build.0 = Release|Any CPU
		{4575165B-2FA7-4736-BAB8-E306788750AF}.Debug|Any CPU.ActiveCfg = Debug|Any CPU
		{4575165B-2FA7-4736-BAB8-E306788750AF}.Debug|Any CPU.Build.0 = Debug|Any CPU
		{4575165B-2FA7-4736-BAB8-E306788750AF}.Release|Any CPU.ActiveCfg = Release|Any CPU
		{4575165B-2FA7-4736-BAB8-E306788750AF}.Release|Any CPU.Build.0 = Release|Any CPU
		{F67D36D6-4AC6-4A8E-8D73-AED6C53DDD58}.Debug|Any CPU.ActiveCfg = Debug|Any CPU
		{F67D36D6-4AC6-4A8E-8D73-AED6C53DDD58}.Debug|Any CPU.Build.0 = Debug|Any CPU
		{F67D36D6-4AC6-4A8E-8D73-AED6C53DDD58}.Release|Any CPU.ActiveCfg = Release|Any CPU
		{F67D36D6-4AC6-4A8E-8D73-AED6C53DDD58}.Release|Any CPU.Build.0 = Release|Any CPU
		{20748D38-7829-4668-ACAA-3D95467D4BA3}.Debug|Any CPU.ActiveCfg = Debug|Any CPU
		{20748D38-7829-4668-ACAA-3D95467D4BA3}.Debug|Any CPU.Build.0 = Debug|Any CPU
		{20748D38-7829-4668-ACAA-3D95467D4BA3}.Release|Any CPU.ActiveCfg = Release|Any CPU
		{20748D38-7829-4668-ACAA-3D95467D4BA3}.Release|Any CPU.Build.0 = Release|Any CPU
		{7BFDEC00-CF77-4152-A12E-29021968F36A}.Debug|Any CPU.ActiveCfg = Debug|Any CPU
		{7BFDEC00-CF77-4152-A12E-29021968F36A}.Debug|Any CPU.Build.0 = Debug|Any CPU
		{7BFDEC00-CF77-4152-A12E-29021968F36A}.Release|Any CPU.ActiveCfg = Release|Any CPU
		{7BFDEC00-CF77-4152-A12E-29021968F36A}.Release|Any CPU.Build.0 = Release|Any CPU
		{6AC774D1-5921-4460-9768-832A244B69B4}.Debug|Any CPU.ActiveCfg = Debug|Any CPU
		{6AC774D1-5921-4460-9768-832A244B69B4}.Debug|Any CPU.Build.0 = Debug|Any CPU
		{6AC774D1-5921-4460-9768-832A244B69B4}.Release|Any CPU.ActiveCfg = Release|Any CPU
		{6AC774D1-5921-4460-9768-832A244B69B4}.Release|Any CPU.Build.0 = Release|Any CPU
		{6E21A0C9-B20A-4B5B-AB7A-81885FABE400}.Debug|Any CPU.ActiveCfg = Debug|Any CPU
		{6E21A0C9-B20A-4B5B-AB7A-81885FABE400}.Debug|Any CPU.Build.0 = Debug|Any CPU
		{6E21A0C9-B20A-4B5B-AB7A-81885FABE400}.Release|Any CPU.ActiveCfg = Release|Any CPU
		{6E21A0C9-B20A-4B5B-AB7A-81885FABE400}.Release|Any CPU.Build.0 = Release|Any CPU
		{E77523EA-C860-41BA-B1FF-8186BCD36C53}.Debug|Any CPU.ActiveCfg = Debug|Any CPU
		{E77523EA-C860-41BA-B1FF-8186BCD36C53}.Debug|Any CPU.Build.0 = Debug|Any CPU
		{E77523EA-C860-41BA-B1FF-8186BCD36C53}.Release|Any CPU.ActiveCfg = Release|Any CPU
		{E77523EA-C860-41BA-B1FF-8186BCD36C53}.Release|Any CPU.Build.0 = Release|Any CPU
		{ADA7F6CC-6362-4FB7-A696-186A6A6D4F15}.Debug|Any CPU.ActiveCfg = Debug|Any CPU
		{ADA7F6CC-6362-4FB7-A696-186A6A6D4F15}.Debug|Any CPU.Build.0 = Debug|Any CPU
		{ADA7F6CC-6362-4FB7-A696-186A6A6D4F15}.Release|Any CPU.ActiveCfg = Release|Any CPU
		{ADA7F6CC-6362-4FB7-A696-186A6A6D4F15}.Release|Any CPU.Build.0 = Release|Any CPU
		{1922B805-08DB-4B08-A377-5742697F3EFA}.Debug|Any CPU.ActiveCfg = Debug|Any CPU
		{1922B805-08DB-4B08-A377-5742697F3EFA}.Debug|Any CPU.Build.0 = Debug|Any CPU
		{1922B805-08DB-4B08-A377-5742697F3EFA}.Release|Any CPU.ActiveCfg = Release|Any CPU
		{1922B805-08DB-4B08-A377-5742697F3EFA}.Release|Any CPU.Build.0 = Release|Any CPU
		{0D9ECC1C-72AC-4E0E-992C-FD0C7941FF95}.Debug|Any CPU.ActiveCfg = Debug|Any CPU
		{0D9ECC1C-72AC-4E0E-992C-FD0C7941FF95}.Debug|Any CPU.Build.0 = Debug|Any CPU
		{0D9ECC1C-72AC-4E0E-992C-FD0C7941FF95}.Release|Any CPU.ActiveCfg = Release|Any CPU
		{0D9ECC1C-72AC-4E0E-992C-FD0C7941FF95}.Release|Any CPU.Build.0 = Release|Any CPU
		{E3F9691A-BBCC-4D5B-90A2-D82BD8E92BA7}.Debug|Any CPU.ActiveCfg = Debug|Any CPU
		{E3F9691A-BBCC-4D5B-90A2-D82BD8E92BA7}.Debug|Any CPU.Build.0 = Debug|Any CPU
		{E3F9691A-BBCC-4D5B-90A2-D82BD8E92BA7}.Release|Any CPU.ActiveCfg = Release|Any CPU
		{E3F9691A-BBCC-4D5B-90A2-D82BD8E92BA7}.Release|Any CPU.Build.0 = Release|Any CPU
		{E0EF2883-C769-4EBA-9126-EF0B040F382E}.Debug|Any CPU.ActiveCfg = Debug|Any CPU
		{E0EF2883-C769-4EBA-9126-EF0B040F382E}.Debug|Any CPU.Build.0 = Debug|Any CPU
		{E0EF2883-C769-4EBA-9126-EF0B040F382E}.Release|Any CPU.ActiveCfg = Release|Any CPU
		{E0EF2883-C769-4EBA-9126-EF0B040F382E}.Release|Any CPU.Build.0 = Release|Any CPU
		{AA618F2D-0806-42A6-8A1B-8667F6B049A8}.Debug|Any CPU.ActiveCfg = Debug|Any CPU
		{AA618F2D-0806-42A6-8A1B-8667F6B049A8}.Debug|Any CPU.Build.0 = Debug|Any CPU
		{AA618F2D-0806-42A6-8A1B-8667F6B049A8}.Release|Any CPU.ActiveCfg = Release|Any CPU
		{AA618F2D-0806-42A6-8A1B-8667F6B049A8}.Release|Any CPU.Build.0 = Release|Any CPU
		{C25ED1AA-C535-4DDC-84FE-EDC4D2F3AC87}.Debug|Any CPU.ActiveCfg = Debug|Any CPU
		{C25ED1AA-C535-4DDC-84FE-EDC4D2F3AC87}.Debug|Any CPU.Build.0 = Debug|Any CPU
		{C25ED1AA-C535-4DDC-84FE-EDC4D2F3AC87}.Release|Any CPU.ActiveCfg = Release|Any CPU
		{C25ED1AA-C535-4DDC-84FE-EDC4D2F3AC87}.Release|Any CPU.Build.0 = Release|Any CPU
		{A35EDF6E-990C-4DA9-A680-1F4AB5CD8C37}.Debug|Any CPU.ActiveCfg = Debug|Any CPU
		{A35EDF6E-990C-4DA9-A680-1F4AB5CD8C37}.Debug|Any CPU.Build.0 = Debug|Any CPU
		{A35EDF6E-990C-4DA9-A680-1F4AB5CD8C37}.Release|Any CPU.ActiveCfg = Release|Any CPU
		{A35EDF6E-990C-4DA9-A680-1F4AB5CD8C37}.Release|Any CPU.Build.0 = Release|Any CPU
		{34689EFE-CD38-43F8-9193-AA24A9E8309F}.Debug|Any CPU.ActiveCfg = Debug|Any CPU
		{34689EFE-CD38-43F8-9193-AA24A9E8309F}.Debug|Any CPU.Build.0 = Debug|Any CPU
		{34689EFE-CD38-43F8-9193-AA24A9E8309F}.Release|Any CPU.ActiveCfg = Release|Any CPU
		{34689EFE-CD38-43F8-9193-AA24A9E8309F}.Release|Any CPU.Build.0 = Release|Any CPU
		{A69637C5-DCC4-4E3D-B8EA-DB33ABD56858}.Debug|Any CPU.ActiveCfg = Debug|Any CPU
		{A69637C5-DCC4-4E3D-B8EA-DB33ABD56858}.Debug|Any CPU.Build.0 = Debug|Any CPU
		{A69637C5-DCC4-4E3D-B8EA-DB33ABD56858}.Release|Any CPU.ActiveCfg = Release|Any CPU
		{A69637C5-DCC4-4E3D-B8EA-DB33ABD56858}.Release|Any CPU.Build.0 = Release|Any CPU
		{7AFD42E3-09EA-49A4-BCB4-7C16E39C78C0}.Debug|Any CPU.ActiveCfg = Debug|Any CPU
		{7AFD42E3-09EA-49A4-BCB4-7C16E39C78C0}.Debug|Any CPU.Build.0 = Debug|Any CPU
		{7AFD42E3-09EA-49A4-BCB4-7C16E39C78C0}.Release|Any CPU.ActiveCfg = Release|Any CPU
		{7AFD42E3-09EA-49A4-BCB4-7C16E39C78C0}.Release|Any CPU.Build.0 = Release|Any CPU
		{021FC6B3-4142-426A-8640-AEDB0242A62B}.Debug|Any CPU.ActiveCfg = Debug|Any CPU
		{021FC6B3-4142-426A-8640-AEDB0242A62B}.Debug|Any CPU.Build.0 = Debug|Any CPU
		{021FC6B3-4142-426A-8640-AEDB0242A62B}.Release|Any CPU.ActiveCfg = Release|Any CPU
		{021FC6B3-4142-426A-8640-AEDB0242A62B}.Release|Any CPU.Build.0 = Release|Any CPU
		{82653E3E-2E9A-4B32-AF74-FA0BB8C5E117}.Debug|Any CPU.ActiveCfg = Debug|Any CPU
		{82653E3E-2E9A-4B32-AF74-FA0BB8C5E117}.Debug|Any CPU.Build.0 = Debug|Any CPU
		{82653E3E-2E9A-4B32-AF74-FA0BB8C5E117}.Release|Any CPU.ActiveCfg = Release|Any CPU
		{82653E3E-2E9A-4B32-AF74-FA0BB8C5E117}.Release|Any CPU.Build.0 = Release|Any CPU
		{0B7D2D3B-B27F-43B0-A9CE-01E381C272CF}.Debug|Any CPU.ActiveCfg = Debug|Any CPU
		{0B7D2D3B-B27F-43B0-A9CE-01E381C272CF}.Debug|Any CPU.Build.0 = Debug|Any CPU
		{0B7D2D3B-B27F-43B0-A9CE-01E381C272CF}.Release|Any CPU.ActiveCfg = Release|Any CPU
		{0B7D2D3B-B27F-43B0-A9CE-01E381C272CF}.Release|Any CPU.Build.0 = Release|Any CPU
		{EA6B20A6-438E-4509-B9FD-A27F34074139}.Debug|Any CPU.ActiveCfg = Debug|Any CPU
		{EA6B20A6-438E-4509-B9FD-A27F34074139}.Debug|Any CPU.Build.0 = Debug|Any CPU
		{EA6B20A6-438E-4509-B9FD-A27F34074139}.Release|Any CPU.ActiveCfg = Release|Any CPU
		{EA6B20A6-438E-4509-B9FD-A27F34074139}.Release|Any CPU.Build.0 = Release|Any CPU
		{98A6EBAD-5626-487F-AEC1-3737B33722AA}.Debug|Any CPU.ActiveCfg = Debug|Any CPU
		{98A6EBAD-5626-487F-AEC1-3737B33722AA}.Debug|Any CPU.Build.0 = Debug|Any CPU
		{98A6EBAD-5626-487F-AEC1-3737B33722AA}.Release|Any CPU.ActiveCfg = Release|Any CPU
		{98A6EBAD-5626-487F-AEC1-3737B33722AA}.Release|Any CPU.Build.0 = Release|Any CPU
		{5B581E62-A629-428E-BD12-7DF274EB0A32}.Debug|Any CPU.ActiveCfg = Debug|Any CPU
		{5B581E62-A629-428E-BD12-7DF274EB0A32}.Debug|Any CPU.Build.0 = Debug|Any CPU
		{5B581E62-A629-428E-BD12-7DF274EB0A32}.Release|Any CPU.ActiveCfg = Release|Any CPU
		{5B581E62-A629-428E-BD12-7DF274EB0A32}.Release|Any CPU.Build.0 = Release|Any CPU
	EndGlobalSection
	GlobalSection(SolutionProperties) = preSolution
		HideSolutionNode = FALSE
	EndGlobalSection
	GlobalSection(ExtensibilityGlobals) = postSolution
		SolutionGuid = {E7AF3EA2-3981-4435-BB42-278D02D18681}
	EndGlobalSection
EndGlobal
