
Microsoft Visual Studio Solution File, Format Version 12.00
# Visual Studio Version 17
VisualStudioVersion = 17.14.36518.9
MinimumVisualStudioVersion = 10.0.40219.1
Project("{FAE04EC0-301F-11D3-BF4B-00C04F79EFBC}") = "01-Intro", "01-Intro\01-Intro.csproj", "{8C285B7C-6839-40C4-AA0B-1BE04222E46F}"
EndProject
Project("{FAE04EC0-301F-11D3-BF4B-00C04F79EFBC}") = "02-TypeCasting", "02-TypeCasting\02-TypeCasting.csproj", "{42B01F73-5519-4D0A-AA05-EC98FC46B9A3}"
EndProject
Project("{FAE04EC0-301F-11D3-BF4B-00C04F79EFBC}") = "03-Operator", "03-Operator\03-Operator.csproj", "{78CDCA65-14BD-406D-9205-B2526397C742}"
EndProject
Project("{FAE04EC0-301F-11D3-BF4B-00C04F79EFBC}") = "04-Decision", "04-Decision\04-Decision.csproj", "{7DD68606-451B-4AD1-9275-C6D97907E09A}"
EndProject
Project("{FAE04EC0-301F-11D3-BF4B-00C04F79EFBC}") = "05-Loop", "05-Loop\05-Loop.csproj", "{5CF808CB-F305-408B-8315-F9B90BCA139C}"
EndProject
Project("{FAE04EC0-301F-11D3-BF4B-00C04F79EFBC}") = "06-Error", "06-Error\06-Error.csproj", "{1DE3F1C9-E396-424E-B0CA-68FFEA450342}"
EndProject
Project("{FAE04EC0-301F-11D3-BF4B-00C04F79EFBC}") = "07-Array", "07-Array\07-Array.csproj", "{49DFF825-EBF9-4DE1-A135-C18258B3ABFB}"
EndProject
Project("{FAE04EC0-301F-11D3-BF4B-00C04F79EFBC}") = "08-List", "08-List\08-List.csproj", "{4575165B-2FA7-4736-BAB8-E306788750AF}"
EndProject
Project("{FAE04EC0-301F-11D3-BF4B-00C04F79EFBC}") = "09-ArrayList", "09-ArrayList\09-ArrayList.csproj", "{F67D36D6-4AC6-4A8E-8D73-AED6C53DDD58}"
EndProject
Global
	GlobalSection(SolutionConfigurationPlatforms) = preSolution
		Debug|Any CPU = Debug|Any CPU
		Release|Any CPU = Release|Any CPU
	EndGlobalSection
	GlobalSection(ProjectConfigurationPlatforms) = postSolution
		{8C285B7C-6839-40C4-AA0B-1BE04222E46F}.Debug|Any CPU.ActiveCfg = Debug|Any CPU
		{8C285B7C-6839-40C4-AA0B-1BE04222E46F}.Debug|Any CPU.Build.0 = Debug|Any CPU
		{8C285B7C-6839-40C4-AA0B-1BE04222E46F}.Release|Any CPU.ActiveCfg = Release|Any CPU
		{8C285B7C-6839-40C4-AA0B-1BE04222E46F}.Release|Any CPU.Build.0 = Release|Any CPU
		{42B01F73-5519-4D0A-AA05-EC98FC46B9A3}.Debug|Any CPU.ActiveCfg = Debug|Any CPU
		{42B01F73-5519-4D0A-AA05-EC98FC46B9A3}.Debug|Any CPU.Build.0 = Debug|Any CPU
		{42B01F73-5519-4D0A-AA05-EC98FC46B9A3}.Release|Any CPU.ActiveCfg = Release|Any CPU
		{42B01F73-5519-4D0A-AA05-EC98FC46B9A3}.Release|Any CPU.Build.0 = Release|Any CPU
		{78CDCA65-14BD-406D-9205-B2526397C742}.Debug|Any CPU.ActiveCfg = Debug|Any CPU
		{78CDCA65-14BD-406D-9205-B2526397C742}.Debug|Any CPU.Build.0 = Debug|Any CPU
		{78CDCA65-14BD-406D-9205-B2526397C742}.Release|Any CPU.ActiveCfg = Release|Any CPU
		{78CDCA65-14BD-406D-9205-B2526397C742}.Release|Any CPU.Build.0 = Release|Any CPU
		{7DD68606-451B-4AD1-9275-C6D97907E09A}.Debug|Any CPU.ActiveCfg = Debug|Any CPU
		{7DD68606-451B-4AD1-9275-C6D97907E09A}.Debug|Any CPU.Build.0 = Debug|Any CPU
		{7DD68606-451B-4AD1-9275-C6D97907E09A}.Release|Any CPU.ActiveCfg = Release|Any CPU
		{7DD68606-451B-4AD1-9275-C6D97907E09A}.Release|Any CPU.Build.0 = Release|Any CPU
		{5CF808CB-F305-408B-8315-F9B90BCA139C}.Debug|Any CPU.ActiveCfg = Debug|Any CPU
		{5CF808CB-F305-408B-8315-F9B90BCA139C}.Debug|Any CPU.Build.0 = Debug|Any CPU
		{5CF808CB-F305-408B-8315-F9B90BCA139C}.Release|Any CPU.ActiveCfg = Release|Any CPU
		{5CF808CB-F305-408B-8315-F9B90BCA139C}.Release|Any CPU.Build.0 = Release|Any CPU
		{1DE3F1C9-E396-424E-B0CA-68FFEA450342}.Debug|Any CPU.ActiveCfg = Debug|Any CPU
		{1DE3F1C9-E396-424E-B0CA-68FFEA450342}.Debug|Any CPU.Build.0 = Debug|Any CPU
		{1DE3F1C9-E396-424E-B0CA-68FFEA450342}.Release|Any CPU.ActiveCfg = Release|Any CPU
		{1DE3F1C9-E396-424E-B0CA-68FFEA450342}.Release|Any CPU.Build.0 = Release|Any CPU
		{49DFF825-EBF9-4DE1-A135-C18258B3ABFB}.Debug|Any CPU.ActiveCfg = Debug|Any CPU
		{49DFF825-EBF9-4DE1-A135-C18258B3ABFB}.Debug|Any CPU.Build.0 = Debug|Any CPU
		{49DFF825-EBF9-4DE1-A135-C18258B3ABFB}.Release|Any CPU.ActiveCfg = Release|Any CPU
		{49DFF825-EBF9-4DE1-A135-C18258B3ABFB}.Release|Any CPU.Build.0 = Release|Any CPU
		{4575165B-2FA7-4736-BAB8-E306788750AF}.Debug|Any CPU.ActiveCfg = Debug|Any CPU
		{4575165B-2FA7-4736-BAB8-E306788750AF}.Debug|Any CPU.Build.0 = Debug|Any CPU
		{4575165B-2FA7-4736-BAB8-E306788750AF}.Release|Any CPU.ActiveCfg = Release|Any CPU
		{4575165B-2FA7-4736-BAB8-E306788750AF}.Release|Any CPU.Build.0 = Release|Any CPU
		{F67D36D6-4AC6-4A8E-8D73-AED6C53DDD58}.Debug|Any CPU.ActiveCfg = Debug|Any CPU
		{F67D36D6-4AC6-4A8E-8D73-AED6C53DDD58}.Debug|Any CPU.Build.0 = Debug|Any CPU
		{F67D36D6-4AC6-4A8E-8D73-AED6C53DDD58}.Release|Any CPU.ActiveCfg = Release|Any CPU
		{F67D36D6-4AC6-4A8E-8D73-AED6C53DDD58}.Release|Any CPU.Build.0 = Release|Any CPU
	EndGlobalSection
	GlobalSection(SolutionProperties) = preSolution
		HideSolutionNode = FALSE
	EndGlobalSection
	GlobalSection(ExtensibilityGlobals) = postSolution
		SolutionGuid = {E7AF3EA2-3981-4435-BB42-278D02D18681}
	EndGlobalSection
EndGlobal
